
Microsoft Visual Studio Solution File, Format Version 12.00
# Visual Studio Version 17
VisualStudioVersion = 17.2.32630.192
MinimumVisualStudioVersion = 10.0.40219.1
Project("{FAE04EC0-301F-11D3-BF4B-00C04F79EFBC}") = "FabrykaAbstrakcyjna", "FabrykaAbstrakcyjna.csproj", "{D9DB3632-3815-4A6A-B770-9811C27238C5}"
EndProject
Global
	GlobalSection(SolutionConfigurationPlatforms) = preSolution
		Debug|Any CPU = Debug|Any CPU
		Release|Any CPU = Release|Any CPU
	EndGlobalSection
	GlobalSection(ProjectConfigurationPlatforms) = postSolution
		{D9DB3632-3815-4A6A-B770-9811C27238C5}.Debug|Any CPU.ActiveCfg = Debug|Any CPU
		{D9DB3632-3815-4A6A-B770-9811C27238C5}.Debug|Any CPU.Build.0 = Debug|Any CPU
		{D9DB3632-3815-4A6A-B770-9811C27238C5}.Release|Any CPU.ActiveCfg = Release|Any CPU
		{D9DB3632-3815-4A6A-B770-9811C27238C5}.Release|Any CPU.Build.0 = Release|Any CPU
	EndGlobalSection
	GlobalSection(SolutionProperties) = preSolution
		HideSolutionNode = FALSE
	EndGlobalSection
	GlobalSection(ExtensibilityGlobals) = postSolution
		SolutionGuid = {05412955-5A66-42D2-8C35-09A92A726012}
	EndGlobalSection
EndGlobal
